// !$*UTF8*$!
{
	archiveVersion = 1;
	classes = {
	};
	objectVersion = 50;
	objects = {

/* Begin PBXBuildFile section */
		59B2563120938D6700EDA971 /* AppDelegate.swift in Sources */ = {isa = PBXBuildFile; fileRef = 59B2563020938D6700EDA971 /* AppDelegate.swift */; };
		59B2563320938D6700EDA971 /* ViewController.swift in Sources */ = {isa = PBXBuildFile; fileRef = 59B2563220938D6700EDA971 /* ViewController.swift */; };
		59B2563620938D6700EDA971 /* Main.storyboard in Resources */ = {isa = PBXBuildFile; fileRef = 59B2563420938D6700EDA971 /* Main.storyboard */; };
		59B2563820938D6A00EDA971 /* Assets.xcassets in Resources */ = {isa = PBXBuildFile; fileRef = 59B2563720938D6A00EDA971 /* Assets.xcassets */; };
		59B2563B20938D6B00EDA971 /* LaunchScreen.storyboard in Resources */ = {isa = PBXBuildFile; fileRef = 59B2563920938D6B00EDA971 /* LaunchScreen.storyboard */; };
		59B2564620938D6B00EDA971 /* A413autolayout__Tests.swift in Sources */ = {isa = PBXBuildFile; fileRef = 59B2564520938D6B00EDA971 /* A413autolayout__Tests.swift */; };
		59B2565120938D6B00EDA971 /* A413autolayout__UITests.swift in Sources */ = {isa = PBXBuildFile; fileRef = 59B2565020938D6B00EDA971 /* A413autolayout__UITests.swift */; };
/* End PBXBuildFile section */

/* Begin PBXContainerItemProxy section */
		59B2564220938D6B00EDA971 /* PBXContainerItemProxy */ = {
			isa = PBXContainerItemProxy;
			containerPortal = 59B2562520938D6700EDA971 /* Project object */;
			proxyType = 1;
			remoteGlobalIDString = 59B2562C20938D6700EDA971;
			remoteInfo = "A413autolayout作業";
		};
		59B2564D20938D6B00EDA971 /* PBXContainerItemProxy */ = {
			isa = PBXContainerItemProxy;
			containerPortal = 59B2562520938D6700EDA971 /* Project object */;
			proxyType = 1;
			remoteGlobalIDString = 59B2562C20938D6700EDA971;
			remoteInfo = "A413autolayout作業";
		};
/* End PBXContainerItemProxy section */

/* Begin PBXFileReference section */
		59B2562D20938D6700EDA971 /* A413autolayout作業.app */ = {isa = PBXFileReference; explicitFileType = wrapper.application; includeInIndex = 0; path = "A413autolayout作業.app"; sourceTree = BUILT_PRODUCTS_DIR; };
		59B2563020938D6700EDA971 /* AppDelegate.swift */ = {isa = PBXFileReference; lastKnownFileType = sourcecode.swift; path = AppDelegate.swift; sourceTree = "<group>"; };
		59B2563220938D6700EDA971 /* ViewController.swift */ = {isa = PBXFileReference; lastKnownFileType = sourcecode.swift; path = ViewController.swift; sourceTree = "<group>"; };
		59B2563520938D6700EDA971 /* Base */ = {isa = PBXFileReference; lastKnownFileType = file.storyboard; name = Base; path = Base.lproj/Main.storyboard; sourceTree = "<group>"; };
		59B2563720938D6A00EDA971 /* Assets.xcassets */ = {isa = PBXFileReference; lastKnownFileType = folder.assetcatalog; path = Assets.xcassets; sourceTree = "<group>"; };
		59B2563A20938D6B00EDA971 /* Base */ = {isa = PBXFileReference; lastKnownFileType = file.storyboard; name = Base; path = Base.lproj/LaunchScreen.storyboard; sourceTree = "<group>"; };
		59B2563C20938D6B00EDA971 /* Info.plist */ = {isa = PBXFileReference; lastKnownFileType = text.plist.xml; path = Info.plist; sourceTree = "<group>"; };
		59B2564120938D6B00EDA971 /* A413autolayout作業Tests.xctest */ = {isa = PBXFileReference; explicitFileType = wrapper.cfbundle; includeInIndex = 0; path = "A413autolayout作業Tests.xctest"; sourceTree = BUILT_PRODUCTS_DIR; };
		59B2564520938D6B00EDA971 /* A413autolayout__Tests.swift */ = {isa = PBXFileReference; lastKnownFileType = sourcecode.swift; path = A413autolayout__Tests.swift; sourceTree = "<group>"; };
		59B2564720938D6B00EDA971 /* Info.plist */ = {isa = PBXFileReference; lastKnownFileType = text.plist.xml; path = Info.plist; sourceTree = "<group>"; };
		59B2564C20938D6B00EDA971 /* A413autolayout作業UITests.xctest */ = {isa = PBXFileReference; explicitFileType = wrapper.cfbundle; includeInIndex = 0; path = "A413autolayout作業UITests.xctest"; sourceTree = BUILT_PRODUCTS_DIR; };
		59B2565020938D6B00EDA971 /* A413autolayout__UITests.swift */ = {isa = PBXFileReference; lastKnownFileType = sourcecode.swift; path = A413autolayout__UITests.swift; sourceTree = "<group>"; };
		59B2565220938D6B00EDA971 /* Info.plist */ = {isa = PBXFileReference; lastKnownFileType = text.plist.xml; path = Info.plist; sourceTree = "<group>"; };
/* End PBXFileReference section */

/* Begin PBXFrameworksBuildPhase section */
		59B2562A20938D6700EDA971 /* Frameworks */ = {
			isa = PBXFrameworksBuildPhase;
			buildActionMask = 2147483647;
			files = (
			);
			runOnlyForDeploymentPostprocessing = 0;
		};
		59B2563E20938D6B00EDA971 /* Frameworks */ = {
			isa = PBXFrameworksBuildPhase;
			buildActionMask = 2147483647;
			files = (
			);
			runOnlyForDeploymentPostprocessing = 0;
		};
		59B2564920938D6B00EDA971 /* Frameworks */ = {
			isa = PBXFrameworksBuildPhase;
			buildActionMask = 2147483647;
			files = (
			);
			runOnlyForDeploymentPostprocessing = 0;
		};
/* End PBXFrameworksBuildPhase section */

/* Begin PBXGroup section */
		59B2562420938D6700EDA971 = {
			isa = PBXGroup;
			children = (
				59B2562F20938D6700EDA971 /* A413autolayout作業 */,
				59B2564420938D6B00EDA971 /* A413autolayout作業Tests */,
				59B2564F20938D6B00EDA971 /* A413autolayout作業UITests */,
				59B2562E20938D6700EDA971 /* Products */,
			);
			sourceTree = "<group>";
		};
		59B2562E20938D6700EDA971 /* Products */ = {
			isa = PBXGroup;
			children = (
				59B2562D20938D6700EDA971 /* A413autolayout作業.app */,
				59B2564120938D6B00EDA971 /* A413autolayout作業Tests.xctest */,
				59B2564C20938D6B00EDA971 /* A413autolayout作業UITests.xctest */,
			);
			name = Products;
			sourceTree = "<group>";
		};
		59B2562F20938D6700EDA971 /* A413autolayout作業 */ = {
			isa = PBXGroup;
			children = (
				59B2563020938D6700EDA971 /* AppDelegate.swift */,
				59B2563220938D6700EDA971 /* ViewController.swift */,
				59B2563420938D6700EDA971 /* Main.storyboard */,
				59B2563720938D6A00EDA971 /* Assets.xcassets */,
				59B2563920938D6B00EDA971 /* LaunchScreen.storyboard */,
				59B2563C20938D6B00EDA971 /* Info.plist */,
			);
			path = "A413autolayout作業";
			sourceTree = "<group>";
		};
		59B2564420938D6B00EDA971 /* A413autolayout作業Tests */ = {
			isa = PBXGroup;
			children = (
				59B2564520938D6B00EDA971 /* A413autolayout__Tests.swift */,
				59B2564720938D6B00EDA971 /* Info.plist */,
			);
			path = "A413autolayout作業Tests";
			sourceTree = "<group>";
		};
		59B2564F20938D6B00EDA971 /* A413autolayout作業UITests */ = {
			isa = PBXGroup;
			children = (
				59B2565020938D6B00EDA971 /* A413autolayout__UITests.swift */,
				59B2565220938D6B00EDA971 /* Info.plist */,
			);
			path = "A413autolayout作業UITests";
			sourceTree = "<group>";
		};
/* End PBXGroup section */

/* Begin PBXNativeTarget section */
		59B2562C20938D6700EDA971 /* A413autolayout作業 */ = {
			isa = PBXNativeTarget;
			buildConfigurationList = 59B2565520938D6B00EDA971 /* Build configuration list for PBXNativeTarget "A413autolayout作業" */;
			buildPhases = (
				59B2562920938D6700EDA971 /* Sources */,
				59B2562A20938D6700EDA971 /* Frameworks */,
				59B2562B20938D6700EDA971 /* Resources */,
			);
			buildRules = (
			);
			dependencies = (
			);
			name = "A413autolayout作業";
			productName = "A413autolayout作業";
			productReference = 59B2562D20938D6700EDA971 /* A413autolayout作業.app */;
			productType = "com.apple.product-type.application";
		};
		59B2564020938D6B00EDA971 /* A413autolayout作業Tests */ = {
			isa = PBXNativeTarget;
			buildConfigurationList = 59B2565820938D6B00EDA971 /* Build configuration list for PBXNativeTarget "A413autolayout作業Tests" */;
			buildPhases = (
				59B2563D20938D6B00EDA971 /* Sources */,
				59B2563E20938D6B00EDA971 /* Frameworks */,
				59B2563F20938D6B00EDA971 /* Resources */,
			);
			buildRules = (
			);
			dependencies = (
				59B2564320938D6B00EDA971 /* PBXTargetDependency */,
			);
			name = "A413autolayout作業Tests";
			productName = "A413autolayout作業Tests";
			productReference = 59B2564120938D6B00EDA971 /* A413autolayout作業Tests.xctest */;
			productType = "com.apple.product-type.bundle.unit-test";
		};
		59B2564B20938D6B00EDA971 /* A413autolayout作業UITests */ = {
			isa = PBXNativeTarget;
			buildConfigurationList = 59B2565B20938D6B00EDA971 /* Build configuration list for PBXNativeTarget "A413autolayout作業UITests" */;
			buildPhases = (
				59B2564820938D6B00EDA971 /* Sources */,
				59B2564920938D6B00EDA971 /* Frameworks */,
				59B2564A20938D6B00EDA971 /* Resources */,
			);
			buildRules = (
			);
			dependencies = (
				59B2564E20938D6B00EDA971 /* PBXTargetDependency */,
			);
			name = "A413autolayout作業UITests";
			productName = "A413autolayout作業UITests";
			productReference = 59B2564C20938D6B00EDA971 /* A413autolayout作業UITests.xctest */;
			productType = "com.apple.product-type.bundle.ui-testing";
		};
/* End PBXNativeTarget section */

/* Begin PBXProject section */
		59B2562520938D6700EDA971 /* Project object */ = {
			isa = PBXProject;
			attributes = {
				LastSwiftUpdateCheck = 0930;
				LastUpgradeCheck = 0930;
				ORGANIZATIONNAME = "范博勝";
				TargetAttributes = {
					59B2562C20938D6700EDA971 = {
						CreatedOnToolsVersion = 9.3;
					};
					59B2564020938D6B00EDA971 = {
						CreatedOnToolsVersion = 9.3;
						TestTargetID = 59B2562C20938D6700EDA971;
					};
					59B2564B20938D6B00EDA971 = {
						CreatedOnToolsVersion = 9.3;
						TestTargetID = 59B2562C20938D6700EDA971;
					};
				};
			};
			buildConfigurationList = 59B2562820938D6700EDA971 /* Build configuration list for PBXProject "A413autolayout作業" */;
			compatibilityVersion = "Xcode 9.3";
			developmentRegion = en;
			hasScannedForEncodings = 0;
			knownRegions = (
				en,
				Base,
			);
			mainGroup = 59B2562420938D6700EDA971;
			productRefGroup = 59B2562E20938D6700EDA971 /* Products */;
			projectDirPath = "";
			projectRoot = "";
			targets = (
				59B2562C20938D6700EDA971 /* A413autolayout作業 */,
				59B2564020938D6B00EDA971 /* A413autolayout作業Tests */,
				59B2564B20938D6B00EDA971 /* A413autolayout作業UITests */,
			);
		};
/* End PBXProject section */

/* Begin PBXResourcesBuildPhase section */
		59B2562B20938D6700EDA971 /* Resources */ = {
			isa = PBXResourcesBuildPhase;
			buildActionMask = 2147483647;
			files = (
				59B2563B20938D6B00EDA971 /* LaunchScreen.storyboard in Resources */,
				59B2563820938D6A00EDA971 /* Assets.xcassets in Resources */,
				59B2563620938D6700EDA971 /* Main.storyboard in Resources */,
			);
			runOnlyForDeploymentPostprocessing = 0;
		};
		59B2563F20938D6B00EDA971 /* Resources */ = {
			isa = PBXResourcesBuildPhase;
			buildActionMask = 2147483647;
			files = (
			);
			runOnlyForDeploymentPostprocessing = 0;
		};
		59B2564A20938D6B00EDA971 /* Resources */ = {
			isa = PBXResourcesBuildPhase;
			buildActionMask = 2147483647;
			files = (
			);
			runOnlyForDeploymentPostprocessing = 0;
		};
/* End PBXResourcesBuildPhase section */

/* Begin PBXSourcesBuildPhase section */
		59B2562920938D6700EDA971 /* Sources */ = {
			isa = PBXSourcesBuildPhase;
			buildActionMask = 2147483647;
			files = (
				59B2563320938D6700EDA971 /* ViewController.swift in Sources */,
				59B2563120938D6700EDA971 /* AppDelegate.swift in Sources */,
			);
			runOnlyForDeploymentPostprocessing = 0;
		};
		59B2563D20938D6B00EDA971 /* Sources */ = {
			isa = PBXSourcesBuildPhase;
			buildActionMask = 2147483647;
			files = (
				59B2564620938D6B00EDA971 /* A413autolayout__Tests.swift in Sources */,
			);
			runOnlyForDeploymentPostprocessing = 0;
		};
		59B2564820938D6B00EDA971 /* Sources */ = {
			isa = PBXSourcesBuildPhase;
			buildActionMask = 2147483647;
			files = (
				59B2565120938D6B00EDA971 /* A413autolayout__UITests.swift in Sources */,
			);
			runOnlyForDeploymentPostprocessing = 0;
		};
/* End PBXSourcesBuildPhase section */

/* Begin PBXTargetDependency section */
		59B2564320938D6B00EDA971 /* PBXTargetDependency */ = {
			isa = PBXTargetDependency;
			target = 59B2562C20938D6700EDA971 /* A413autolayout作業 */;
			targetProxy = 59B2564220938D6B00EDA971 /* PBXContainerItemProxy */;
		};
		59B2564E20938D6B00EDA971 /* PBXTargetDependency */ = {
			isa = PBXTargetDependency;
			target = 59B2562C20938D6700EDA971 /* A413autolayout作業 */;
			targetProxy = 59B2564D20938D6B00EDA971 /* PBXContainerItemProxy */;
		};
/* End PBXTargetDependency section */

/* Begin PBXVariantGroup section */
		59B2563420938D6700EDA971 /* Main.storyboard */ = {
			isa = PBXVariantGroup;
			children = (
				59B2563520938D6700EDA971 /* Base */,
			);
			name = Main.storyboard;
			sourceTree = "<group>";
		};
		59B2563920938D6B00EDA971 /* LaunchScreen.storyboard */ = {
			isa = PBXVariantGroup;
			children = (
				59B2563A20938D6B00EDA971 /* Base */,
			);
			name = LaunchScreen.storyboard;
			sourceTree = "<group>";
		};
/* End PBXVariantGroup section */

/* Begin XCBuildConfiguration section */
		59B2565320938D6B00EDA971 /* Debug */ = {
			isa = XCBuildConfiguration;
			buildSettings = {
				ALWAYS_SEARCH_USER_PATHS = NO;
				CLANG_ANALYZER_NONNULL = YES;
				CLANG_ANALYZER_NUMBER_OBJECT_CONVERSION = YES_AGGRESSIVE;
				CLANG_CXX_LANGUAGE_STANDARD = "gnu++14";
				CLANG_CXX_LIBRARY = "libc++";
				CLANG_ENABLE_MODULES = YES;
				CLANG_ENABLE_OBJC_ARC = YES;
				CLANG_ENABLE_OBJC_WEAK = YES;
				CLANG_WARN_BLOCK_CAPTURE_AUTORELEASING = YES;
				CLANG_WARN_BOOL_CONVERSION = YES;
				CLANG_WARN_COMMA = YES;
				CLANG_WARN_CONSTANT_CONVERSION = YES;
				CLANG_WARN_DEPRECATED_OBJC_IMPLEMENTATIONS = YES;
				CLANG_WARN_DIRECT_OBJC_ISA_USAGE = YES_ERROR;
				CLANG_WARN_DOCUMENTATION_COMMENTS = YES;
				CLANG_WARN_EMPTY_BODY = YES;
				CLANG_WARN_ENUM_CONVERSION = YES;
				CLANG_WARN_INFINITE_RECURSION = YES;
				CLANG_WARN_INT_CONVERSION = YES;
				CLANG_WARN_NON_LITERAL_NULL_CONVERSION = YES;
				CLANG_WARN_OBJC_IMPLICIT_RETAIN_SELF = YES;
				CLANG_WARN_OBJC_LITERAL_CONVERSION = YES;
				CLANG_WARN_OBJC_ROOT_CLASS = YES_ERROR;
				CLANG_WARN_RANGE_LOOP_ANALYSIS = YES;
				CLANG_WARN_STRICT_PROTOTYPES = YES;
				CLANG_WARN_SUSPICIOUS_MOVE = YES;
				CLANG_WARN_UNGUARDED_AVAILABILITY = YES_AGGRESSIVE;
				CLANG_WARN_UNREACHABLE_CODE = YES;
				CLANG_WARN__DUPLICATE_METHOD_MATCH = YES;
				CODE_SIGN_IDENTITY = "iPhone Developer";
				COPY_PHASE_STRIP = NO;
				DEBUG_INFORMATION_FORMAT = dwarf;
				ENABLE_STRICT_OBJC_MSGSEND = YES;
				ENABLE_TESTABILITY = YES;
				GCC_C_LANGUAGE_STANDARD = gnu11;
				GCC_DYNAMIC_NO_PIC = NO;
				GCC_NO_COMMON_BLOCKS = YES;
				GCC_OPTIMIZATION_LEVEL = 0;
				GCC_PREPROCESSOR_DEFINITIONS = (
					"DEBUG=1",
					"$(inherited)",
				);
				GCC_WARN_64_TO_32_BIT_CONVERSION = YES;
				GCC_WARN_ABOUT_RETURN_TYPE = YES_ERROR;
				GCC_WARN_UNDECLARED_SELECTOR = YES;
				GCC_WARN_UNINITIALIZED_AUTOS = YES_AGGRESSIVE;
				GCC_WARN_UNUSED_FUNCTION = YES;
				GCC_WARN_UNUSED_VARIABLE = YES;
				IPHONEOS_DEPLOYMENT_TARGET = 11.3;
				MTL_ENABLE_DEBUG_INFO = YES;
				ONLY_ACTIVE_ARCH = YES;
				SDKROOT = iphoneos;
				SWIFT_ACTIVE_COMPILATION_CONDITIONS = DEBUG;
				SWIFT_OPTIMIZATION_LEVEL = "-Onone";
			};
			name = Debug;
		};
		59B2565420938D6B00EDA971 /* Release */ = {
			isa = XCBuildConfiguration;
			buildSettings = {
				ALWAYS_SEARCH_USER_PATHS = NO;
				CLANG_ANALYZER_NONNULL = YES;
				CLANG_ANALYZER_NUMBER_OBJECT_CONVERSION = YES_AGGRESSIVE;
				CLANG_CXX_LANGUAGE_STANDARD = "gnu++14";
				CLANG_CXX_LIBRARY = "libc++";
				CLANG_ENABLE_MODULES = YES;
				CLANG_ENABLE_OBJC_ARC = YES;
				CLANG_ENABLE_OBJC_WEAK = YES;
				CLANG_WARN_BLOCK_CAPTURE_AUTORELEASING = YES;
				CLANG_WARN_BOOL_CONVERSION = YES;
				CLANG_WARN_COMMA = YES;
				CLANG_WARN_CONSTANT_CONVERSION = YES;
				CLANG_WARN_DEPRECATED_OBJC_IMPLEMENTATIONS = YES;
				CLANG_WARN_DIRECT_OBJC_ISA_USAGE = YES_ERROR;
				CLANG_WARN_DOCUMENTATION_COMMENTS = YES;
				CLANG_WARN_EMPTY_BODY = YES;
				CLANG_WARN_ENUM_CONVERSION = YES;
				CLANG_WARN_INFINITE_RECURSION = YES;
				CLANG_WARN_INT_CONVERSION = YES;
				CLANG_WARN_NON_LITERAL_NULL_CONVERSION = YES;
				CLANG_WARN_OBJC_IMPLICIT_RETAIN_SELF = YES;
				CLANG_WARN_OBJC_LITERAL_CONVERSION = YES;
				CLANG_WARN_OBJC_ROOT_CLASS = YES_ERROR;
				CLANG_WARN_RANGE_LOOP_ANALYSIS = YES;
				CLANG_WARN_STRICT_PROTOTYPES = YES;
				CLANG_WARN_SUSPICIOUS_MOVE = YES;
				CLANG_WARN_UNGUARDED_AVAILABILITY = YES_AGGRESSIVE;
				CLANG_WARN_UNREACHABLE_CODE = YES;
				CLANG_WARN__DUPLICATE_METHOD_MATCH = YES;
				CODE_SIGN_IDENTITY = "iPhone Developer";
				COPY_PHASE_STRIP = NO;
				DEBUG_INFORMATION_FORMAT = "dwarf-with-dsym";
				ENABLE_NS_ASSERTIONS = NO;
				ENABLE_STRICT_OBJC_MSGSEND = YES;
				GCC_C_LANGUAGE_STANDARD = gnu11;
				GCC_NO_COMMON_BLOCKS = YES;
				GCC_WARN_64_TO_32_BIT_CONVERSION = YES;
				GCC_WARN_ABOUT_RETURN_TYPE = YES_ERROR;
				GCC_WARN_UNDECLARED_SELECTOR = YES;
				GCC_WARN_UNINITIALIZED_AUTOS = YES_AGGRESSIVE;
				GCC_WARN_UNUSED_FUNCTION = YES;
				GCC_WARN_UNUSED_VARIABLE = YES;
				IPHONEOS_DEPLOYMENT_TARGET = 11.3;
				MTL_ENABLE_DEBUG_INFO = NO;
				SDKROOT = iphoneos;
				SWIFT_COMPILATION_MODE = wholemodule;
				SWIFT_OPTIMIZATION_LEVEL = "-O";
				VALIDATE_PRODUCT = YES;
			};
			name = Release;
		};
		59B2565620938D6B00EDA971 /* Debug */ = {
			isa = XCBuildConfiguration;
			buildSettings = {
				ASSETCATALOG_COMPILER_APPICON_NAME = AppIcon;
				CODE_SIGN_STYLE = Automatic;
				DEVELOPMENT_TEAM = A6H5JP5GD9;
				INFOPLIST_FILE = "A413autolayout作業/Info.plist";
				LD_RUNPATH_SEARCH_PATHS = (
					"$(inherited)",
					"@executable_path/Frameworks",
				);
				PRODUCT_BUNDLE_IDENTIFIER = "com.fan.A413autolayout--";
				PRODUCT_NAME = "$(TARGET_NAME)";
				SWIFT_VERSION = 4.0;
				TARGETED_DEVICE_FAMILY = "1,2";
			};
			name = Debug;
		};
		59B2565720938D6B00EDA971 /* Release */ = {
			isa = XCBuildConfiguration;
			buildSettings = {
				ASSETCATALOG_COMPILER_APPICON_NAME = AppIcon;
				CODE_SIGN_STYLE = Automatic;
				DEVELOPMENT_TEAM = A6H5JP5GD9;
				INFOPLIST_FILE = "A413autolayout作業/Info.plist";
				LD_RUNPATH_SEARCH_PATHS = (
					"$(inherited)",
					"@executable_path/Frameworks",
				);
				PRODUCT_BUNDLE_IDENTIFIER = "com.fan.A413autolayout--";
				PRODUCT_NAME = "$(TARGET_NAME)";
				SWIFT_VERSION = 4.0;
				TARGETED_DEVICE_FAMILY = "1,2";
			};
			name = Release;
		};
		59B2565920938D6B00EDA971 /* Debug */ = {
			isa = XCBuildConfiguration;
			buildSettings = {
				ALWAYS_EMBED_SWIFT_STANDARD_LIBRARIES = YES;
				BUNDLE_LOADER = "$(TEST_HOST)";
				CODE_SIGN_STYLE = Automatic;
				DEVELOPMENT_TEAM = A6H5JP5GD9;
				INFOPLIST_FILE = "A413autolayout作業Tests/Info.plist";
				LD_RUNPATH_SEARCH_PATHS = (
					"$(inherited)",
					"@executable_path/Frameworks",
					"@loader_path/Frameworks",
				);
				PRODUCT_BUNDLE_IDENTIFIER = "com.fan.A413autolayout--Tests";
				PRODUCT_NAME = "$(TARGET_NAME)";
				SWIFT_VERSION = 4.0;
				TARGETED_DEVICE_FAMILY = "1,2";
				TEST_HOST = "$(BUILT_PRODUCTS_DIR)/A413autolayout作業.app/A413autolayout作業";
			};
			name = Debug;
		};
		59B2565A20938D6B00EDA971 /* Release */ = {
			isa = XCBuildConfiguration;
			buildSettings = {
				ALWAYS_EMBED_SWIFT_STANDARD_LIBRARIES = YES;
				BUNDLE_LOADER = "$(TEST_HOST)";
				CODE_SIGN_STYLE = Automatic;
				DEVELOPMENT_TEAM = A6H5JP5GD9;
				INFOPLIST_FILE = "A413autolayout作業Tests/Info.plist";
				LD_RUNPATH_SEARCH_PATHS = (
					"$(inherited)",
					"@executable_path/Frameworks",
					"@loader_path/Frameworks",
				);
				PRODUCT_BUNDLE_IDENTIFIER = "com.fan.A413autolayout--Tests";
				PRODUCT_NAME = "$(TARGET_NAME)";
				SWIFT_VERSION = 4.0;
				TARGETED_DEVICE_FAMILY = "1,2";
				TEST_HOST = "$(BUILT_PRODUCTS_DIR)/A413autolayout作業.app/A413autolayout作業";
			};
			name = Release;
		};
		59B2565C20938D6B00EDA971 /* Debug */ = {
			isa = XCBuildConfiguration;
			buildSettings = {
				ALWAYS_EMBED_SWIFT_STANDARD_LIBRARIES = YES;
				CODE_SIGN_STYLE = Automatic;
				DEVELOPMENT_TEAM = A6H5JP5GD9;
				INFOPLIST_FILE = "A413autolayout作業UITests/Info.plist";
				LD_RUNPATH_SEARCH_PATHS = (
					"$(inherited)",
					"@executable_path/Frameworks",
					"@loader_path/Frameworks",
				);
				PRODUCT_BUNDLE_IDENTIFIER = "com.fan.A413autolayout--UITests";
				PRODUCT_NAME = "$(TARGET_NAME)";
				SWIFT_VERSION = 4.0;
				TARGETED_DEVICE_FAMILY = "1,2";
				TEST_TARGET_NAME = "A413autolayout作業";
			};
			name = Debug;
		};
		59B2565D20938D6B00EDA971 /* Release */ = {
			isa = XCBuildConfiguration;
			buildSettings = {
				ALWAYS_EMBED_SWIFT_STANDARD_LIBRARIES = YES;
				CODE_SIGN_STYLE = Automatic;
				DEVELOPMENT_TEAM = A6H5JP5GD9;
				INFOPLIST_FILE = "A413autolayout作業UITests/Info.plist";
				LD_RUNPATH_SEARCH_PATHS = (
					"$(inherited)",
					"@executable_path/Frameworks",
					"@loader_path/Frameworks",
				);
				PRODUCT_BUNDLE_IDENTIFIER = "com.fan.A413autolayout--UITests";
				PRODUCT_NAME = "$(TARGET_NAME)";
				SWIFT_VERSION = 4.0;
				TARGETED_DEVICE_FAMILY = "1,2";
				TEST_TARGET_NAME = "A413autolayout作業";
			};
			name = Release;
		};
/* End XCBuildConfiguration section */

/* Begin XCConfigurationList section */
		59B2562820938D6700EDA971 /* Build configuration list for PBXProject "A413autolayout作業" */ = {
			isa = XCConfigurationList;
			buildConfigurations = (
				59B2565320938D6B00EDA971 /* Debug */,
				59B2565420938D6B00EDA971 /* Release */,
			);
			defaultConfigurationIsVisible = 0;
			defaultConfigurationName = Release;
		};
		59B2565520938D6B00EDA971 /* Build configuration list for PBXNativeTarget "A413autolayout作業" */ = {
			isa = XCConfigurationList;
			buildConfigurations = (
				59B2565620938D6B00EDA971 /* Debug */,
				59B2565720938D6B00EDA971 /* Release */,
			);
			defaultConfigurationIsVisible = 0;
			defaultConfigurationName = Release;
		};
		59B2565820938D6B00EDA971 /* Build configuration list for PBXNativeTarget "A413autolayout作業Tests" */ = {
			isa = XCConfigurationList;
			buildConfigurations = (
				59B2565920938D6B00EDA971 /* Debug */,
				59B2565A20938D6B00EDA971 /* Release */,
			);
			defaultConfigurationIsVisible = 0;
			defaultConfigurationName = Release;
		};
		59B2565B20938D6B00EDA971 /* Build configuration list for PBXNativeTarget "A413autolayout作業UITests" */ = {
			isa = XCConfigurationList;
			buildConfigurations = (
				59B2565C20938D6B00EDA971 /* Debug */,
				59B2565D20938D6B00EDA971 /* Release */,
			);
			defaultConfigurationIsVisible = 0;
			defaultConfigurationName = Release;
		};
/* End XCConfigurationList section */
	};
	rootObject = 59B2562520938D6700EDA971 /* Project object */;
}
